
Microsoft Visual Studio Solution File, Format Version 12.00
# Visual Studio 2012
Project("{FAE04EC0-301F-11D3-BF4B-00C04F79EFBC}") = "eindopdracht", "eindopdracht\eindopdracht.csproj", "{8C8A5C38-286C-4C4F-933B-94BBAB554B76}"
EndProject
Project("{FAE04EC0-301F-11D3-BF4B-00C04F79EFBC}") = "REST_service", "REST_service\REST_service.csproj", "{C573FADF-AE3B-4731-86D7-1304090B0AA5}"
EndProject
Project("{FAE04EC0-301F-11D3-BF4B-00C04F79EFBC}") = "PortableLibrary", "PortableLibrary\PortableLibrary.csproj", "{18D002E7-A773-4D48-9185-6DEB62A67101}"
EndProject
Project("{FAE04EC0-301F-11D3-BF4B-00C04F79EFBC}") = "StoreApp", "StoreApp\StoreApp.csproj", "{BF095EED-9587-4CCB-BEEA-F559D2CD3659}"
EndProject
Global
	GlobalSection(SolutionConfigurationPlatforms) = preSolution
		Debug|Any CPU = Debug|Any CPU
		Debug|ARM = Debug|ARM
		Debug|x64 = Debug|x64
		Debug|x86 = Debug|x86
		Release|Any CPU = Release|Any CPU
		Release|ARM = Release|ARM
		Release|x64 = Release|x64
		Release|x86 = Release|x86
	EndGlobalSection
	GlobalSection(ProjectConfigurationPlatforms) = postSolution
		{8C8A5C38-286C-4C4F-933B-94BBAB554B76}.Debug|Any CPU.ActiveCfg = Debug|Any CPU
		{8C8A5C38-286C-4C4F-933B-94BBAB554B76}.Debug|Any CPU.Build.0 = Debug|Any CPU
		{8C8A5C38-286C-4C4F-933B-94BBAB554B76}.Debug|ARM.ActiveCfg = Debug|Any CPU
		{8C8A5C38-286C-4C4F-933B-94BBAB554B76}.Debug|x64.ActiveCfg = Debug|Any CPU
		{8C8A5C38-286C-4C4F-933B-94BBAB554B76}.Debug|x86.ActiveCfg = Debug|Any CPU
		{8C8A5C38-286C-4C4F-933B-94BBAB554B76}.Release|Any CPU.ActiveCfg = Release|Any CPU
		{8C8A5C38-286C-4C4F-933B-94BBAB554B76}.Release|Any CPU.Build.0 = Release|Any CPU
		{8C8A5C38-286C-4C4F-933B-94BBAB554B76}.Release|ARM.ActiveCfg = Release|Any CPU
		{8C8A5C38-286C-4C4F-933B-94BBAB554B76}.Release|x64.ActiveCfg = Release|Any CPU
		{8C8A5C38-286C-4C4F-933B-94BBAB554B76}.Release|x86.ActiveCfg = Release|Any CPU
		{C573FADF-AE3B-4731-86D7-1304090B0AA5}.Debug|Any CPU.ActiveCfg = Debug|Any CPU
		{C573FADF-AE3B-4731-86D7-1304090B0AA5}.Debug|Any CPU.Build.0 = Debug|Any CPU
		{C573FADF-AE3B-4731-86D7-1304090B0AA5}.Debug|ARM.ActiveCfg = Debug|Any CPU
		{C573FADF-AE3B-4731-86D7-1304090B0AA5}.Debug|x64.ActiveCfg = Debug|Any CPU
		{C573FADF-AE3B-4731-86D7-1304090B0AA5}.Debug|x86.ActiveCfg = Debug|Any CPU
		{C573FADF-AE3B-4731-86D7-1304090B0AA5}.Release|Any CPU.ActiveCfg = Release|Any CPU
		{C573FADF-AE3B-4731-86D7-1304090B0AA5}.Release|Any CPU.Build.0 = Release|Any CPU
		{C573FADF-AE3B-4731-86D7-1304090B0AA5}.Release|ARM.ActiveCfg = Release|Any CPU
		{C573FADF-AE3B-4731-86D7-1304090B0AA5}.Release|x64.ActiveCfg = Release|Any CPU
		{C573FADF-AE3B-4731-86D7-1304090B0AA5}.Release|x86.ActiveCfg = Release|Any CPU
		{18D002E7-A773-4D48-9185-6DEB62A67101}.Debug|Any CPU.ActiveCfg = Debug|Any CPU
		{18D002E7-A773-4D48-9185-6DEB62A67101}.Debug|Any CPU.Build.0 = Debug|Any CPU
		{18D002E7-A773-4D48-9185-6DEB62A67101}.Debug|ARM.ActiveCfg = Debug|Any CPU
		{18D002E7-A773-4D48-9185-6DEB62A67101}.Debug|x64.ActiveCfg = Debug|Any CPU
		{18D002E7-A773-4D48-9185-6DEB62A67101}.Debug|x86.ActiveCfg = Debug|Any CPU
		{18D002E7-A773-4D48-9185-6DEB62A67101}.Release|Any CPU.ActiveCfg = Release|Any CPU
		{18D002E7-A773-4D48-9185-6DEB62A67101}.Release|Any CPU.Build.0 = Release|Any CPU
		{18D002E7-A773-4D48-9185-6DEB62A67101}.Release|ARM.ActiveCfg = Release|Any CPU
		{18D002E7-A773-4D48-9185-6DEB62A67101}.Release|x64.ActiveCfg = Release|Any CPU
		{18D002E7-A773-4D48-9185-6DEB62A67101}.Release|x86.ActiveCfg = Release|Any CPU
		{BF095EED-9587-4CCB-BEEA-F559D2CD3659}.Debug|Any CPU.ActiveCfg = Debug|Any CPU
		{BF095EED-9587-4CCB-BEEA-F559D2CD3659}.Debug|Any CPU.Build.0 = Debug|Any CPU
		{BF095EED-9587-4CCB-BEEA-F559D2CD3659}.Debug|Any CPU.Deploy.0 = Debug|Any CPU
		{BF095EED-9587-4CCB-BEEA-F559D2CD3659}.Debug|ARM.ActiveCfg = Debug|ARM
		{BF095EED-9587-4CCB-BEEA-F559D2CD3659}.Debug|ARM.Build.0 = Debug|ARM
		{BF095EED-9587-4CCB-BEEA-F559D2CD3659}.Debug|ARM.Deploy.0 = Debug|ARM
		{BF095EED-9587-4CCB-BEEA-F559D2CD3659}.Debug|x64.ActiveCfg = Debug|x64
		{BF095EED-9587-4CCB-BEEA-F559D2CD3659}.Debug|x64.Build.0 = Debug|x64
		{BF095EED-9587-4CCB-BEEA-F559D2CD3659}.Debug|x64.Deploy.0 = Debug|x64
		{BF095EED-9587-4CCB-BEEA-F559D2CD3659}.Debug|x86.ActiveCfg = Debug|x86
		{BF095EED-9587-4CCB-BEEA-F559D2CD3659}.Debug|x86.Build.0 = Debug|x86
		{BF095EED-9587-4CCB-BEEA-F559D2CD3659}.Debug|x86.Deploy.0 = Debug|x86
		{BF095EED-9587-4CCB-BEEA-F559D2CD3659}.Release|Any CPU.ActiveCfg = Release|Any CPU
		{BF095EED-9587-4CCB-BEEA-F559D2CD3659}.Release|Any CPU.Build.0 = Release|Any CPU
		{BF095EED-9587-4CCB-BEEA-F559D2CD3659}.Release|Any CPU.Deploy.0 = Release|Any CPU
		{BF095EED-9587-4CCB-BEEA-F559D2CD3659}.Release|ARM.ActiveCfg = Release|ARM
		{BF095EED-9587-4CCB-BEEA-F559D2CD3659}.Release|ARM.Build.0 = Release|ARM
		{BF095EED-9587-4CCB-BEEA-F559D2CD3659}.Release|ARM.Deploy.0 = Release|ARM
		{BF095EED-9587-4CCB-BEEA-F559D2CD3659}.Release|x64.ActiveCfg = Release|x64
		{BF095EED-9587-4CCB-BEEA-F559D2CD3659}.Release|x64.Build.0 = Release|x64
		{BF095EED-9587-4CCB-BEEA-F559D2CD3659}.Release|x64.Deploy.0 = Release|x64
		{BF095EED-9587-4CCB-BEEA-F559D2CD3659}.Release|x86.ActiveCfg = Release|x86
		{BF095EED-9587-4CCB-BEEA-F559D2CD3659}.Release|x86.Build.0 = Release|x86
		{BF095EED-9587-4CCB-BEEA-F559D2CD3659}.Release|x86.Deploy.0 = Release|x86
	EndGlobalSection
	GlobalSection(SolutionProperties) = preSolution
		HideSolutionNode = FALSE
	EndGlobalSection
EndGlobal
