
Microsoft Visual Studio Solution File, Format Version 12.00
# Visual Studio 2012
Project("{FAE04EC0-301F-11D3-BF4B-00C04F79EFBC}") = "eindopdracht", "eindopdracht\eindopdracht.csproj", "{8C8A5C38-286C-4C4F-933B-94BBAB554B76}"
EndProject
Project("{FAE04EC0-301F-11D3-BF4B-00C04F79EFBC}") = "REST_service", "REST_service\REST_service.csproj", "{C573FADF-AE3B-4731-86D7-1304090B0AA5}"
EndProject
Global
	GlobalSection(SolutionConfigurationPlatforms) = preSolution
		Debug|Any CPU = Debug|Any CPU
		Release|Any CPU = Release|Any CPU
	EndGlobalSection
	GlobalSection(ProjectConfigurationPlatforms) = postSolution
		{8C8A5C38-286C-4C4F-933B-94BBAB554B76}.Debug|Any CPU.ActiveCfg = Debug|Any CPU
		{8C8A5C38-286C-4C4F-933B-94BBAB554B76}.Debug|Any CPU.Build.0 = Debug|Any CPU
		{8C8A5C38-286C-4C4F-933B-94BBAB554B76}.Release|Any CPU.ActiveCfg = Release|Any CPU
		{8C8A5C38-286C-4C4F-933B-94BBAB554B76}.Release|Any CPU.Build.0 = Release|Any CPU
		{C573FADF-AE3B-4731-86D7-1304090B0AA5}.Debug|Any CPU.ActiveCfg = Debug|Any CPU
		{C573FADF-AE3B-4731-86D7-1304090B0AA5}.Debug|Any CPU.Build.0 = Debug|Any CPU
		{C573FADF-AE3B-4731-86D7-1304090B0AA5}.Release|Any CPU.ActiveCfg = Release|Any CPU
		{C573FADF-AE3B-4731-86D7-1304090B0AA5}.Release|Any CPU.Build.0 = Release|Any CPU
	EndGlobalSection
	GlobalSection(SolutionProperties) = preSolution
		HideSolutionNode = FALSE
	EndGlobalSection
EndGlobal
